
Microsoft Visual Studio Solution File, Format Version 12.00
# Visual Studio 15
VisualStudioVersion = 15.0.27703.2035
MinimumVisualStudioVersion = 10.0.40219.1
Project("{8BC9CEB8-8B4A-11D0-8D11-00A0C91BC942}") = "Tar2 Btree", "Tar2 Btree\Tar2 Btree.vcxproj", "{112B01F4-E918-4B64-AB84-CAE81420B7FD}"
EndProject
Global
	GlobalSection(SolutionConfigurationPlatforms) = preSolution
		Debug|x64 = Debug|x64
		Debug|x86 = Debug|x86
		Release|x64 = Release|x64
		Release|x86 = Release|x86
	EndGlobalSection
	GlobalSection(ProjectConfigurationPlatforms) = postSolution
		{112B01F4-E918-4B64-AB84-CAE81420B7FD}.Debug|x64.ActiveCfg = Debug|x64
		{112B01F4-E918-4B64-AB84-CAE81420B7FD}.Debug|x64.Build.0 = Debug|x64
		{112B01F4-E918-4B64-AB84-CAE81420B7FD}.Debug|x86.ActiveCfg = Debug|Win32
		{112B01F4-E918-4B64-AB84-CAE81420B7FD}.Debug|x86.Build.0 = Debug|Win32
		{112B01F4-E918-4B64-AB84-CAE81420B7FD}.Release|x64.ActiveCfg = Release|x64
		{112B01F4-E918-4B64-AB84-CAE81420B7FD}.Release|x64.Build.0 = Release|x64
		{112B01F4-E918-4B64-AB84-CAE81420B7FD}.Release|x86.ActiveCfg = Release|Win32
		{112B01F4-E918-4B64-AB84-CAE81420B7FD}.Release|x86.Build.0 = Release|Win32
	EndGlobalSection
	GlobalSection(SolutionProperties) = preSolution
		HideSolutionNode = FALSE
	EndGlobalSection
	GlobalSection(ExtensibilityGlobals) = postSolution
		SolutionGuid = {A5B01658-A9C2-43FF-B285-36C4DBCB513D}
	EndGlobalSection
EndGlobal
